
Microsoft Visual Studio Solution File, Format Version 12.00
# Visual Studio Version 16
VisualStudioVersion = 16.0.30717.126
MinimumVisualStudioVersion = 10.0.40219.1
Project("{FAE04EC0-301F-11D3-BF4B-00C04F79EFBC}") = "MakingBreakfast", "MakingBreakfast\MakingBreakfast.csproj", "{1FD9085B-1F9E-47F1-BF9D-F4D49E3B081F}"
EndProject
Global
	GlobalSection(SolutionConfigurationPlatforms) = preSolution
		Debug|Any CPU = Debug|Any CPU
		Release|Any CPU = Release|Any CPU
	EndGlobalSection
	GlobalSection(ProjectConfigurationPlatforms) = postSolution
		{1FD9085B-1F9E-47F1-BF9D-F4D49E3B081F}.Debug|Any CPU.ActiveCfg = Debug|Any CPU
		{1FD9085B-1F9E-47F1-BF9D-F4D49E3B081F}.Debug|Any CPU.Build.0 = Debug|Any CPU
		{1FD9085B-1F9E-47F1-BF9D-F4D49E3B081F}.Release|Any CPU.ActiveCfg = Release|Any CPU
		{1FD9085B-1F9E-47F1-BF9D-F4D49E3B081F}.Release|Any CPU.Build.0 = Release|Any CPU
	EndGlobalSection
	GlobalSection(SolutionProperties) = preSolution
		HideSolutionNode = FALSE
	EndGlobalSection
	GlobalSection(ExtensibilityGlobals) = postSolution
		SolutionGuid = {975C8FF0-9D2F-4DD1-A405-4023360688E9}
	EndGlobalSection
EndGlobal
